
Microsoft Visual Studio Solution File, Format Version 12.00
# Visual Studio Version 17
VisualStudioVersion = 17.11.35208.52
MinimumVisualStudioVersion = 10.0.40219.1
Project("{FAE04EC0-301F-11D3-BF4B-00C04F79EFBC}") = "Roblox Exploit", "Roblox Exploit\Roblox Exploit.csproj", "{A5E24D2C-4E0C-4A8A-8247-83D2A2718E83}"
EndProject
Global
	GlobalSection(SolutionConfigurationPlatforms) = preSolution
		Debug|Any CPU = Debug|Any CPU
		Release|Any CPU = Release|Any CPU
	EndGlobalSection
	GlobalSection(ProjectConfigurationPlatforms) = postSolution
		{A5E24D2C-4E0C-4A8A-8247-83D2A2718E83}.Debug|Any CPU.ActiveCfg = Debug|Any CPU
		{A5E24D2C-4E0C-4A8A-8247-83D2A2718E83}.Debug|Any CPU.Build.0 = Debug|Any CPU
		{A5E24D2C-4E0C-4A8A-8247-83D2A2718E83}.Release|Any CPU.ActiveCfg = Release|Any CPU
		{A5E24D2C-4E0C-4A8A-8247-83D2A2718E83}.Release|Any CPU.Build.0 = Release|Any CPU
	EndGlobalSection
	GlobalSection(SolutionProperties) = preSolution
		HideSolutionNode = FALSE
	EndGlobalSection
	GlobalSection(ExtensibilityGlobals) = postSolution
		SolutionGuid = {41CB800E-AE29-4A22-ABA0-2FF91F964B95}
	EndGlobalSection
EndGlobal
